// !$*UTF8*$!
{
	archiveVersion = 1;
	classes = {
	};
	objectVersion = 55;
	objects = {

/* Begin PBXBuildFile section */
		065ECFBE28D2526600F024E7 /* GardenCell.swift in Sources */ = {isa = PBXBuildFile; fileRef = 065ECFBD28D2526600F024E7 /* GardenCell.swift */; };
		065ECFC428D26A4D00F024E7 /* GardenDataSource.swift in Sources */ = {isa = PBXBuildFile; fileRef = 065ECFC328D26A4D00F024E7 /* GardenDataSource.swift */; };
		220A63E428D24C3800D9E2A9 /* InfoGardenView.swift in Sources */ = {isa = PBXBuildFile; fileRef = 220A63E328D24C3800D9E2A9 /* InfoGardenView.swift */; };
		220A63E928D24C7100D9E2A9 /* InfoGardenController.swift in Sources */ = {isa = PBXBuildFile; fileRef = 220A63E828D24C7100D9E2A9 /* InfoGardenController.swift */; };
		220A63EC28D24CFA00D9E2A9 /* LabelExpansive.swift in Sources */ = {isa = PBXBuildFile; fileRef = 220A63EB28D24CFA00D9E2A9 /* LabelExpansive.swift */; };
		220A63EE28D3BDF700D9E2A9 /* CustomScrooll.swift in Sources */ = {isa = PBXBuildFile; fileRef = 220A63ED28D3BDF700D9E2A9 /* CustomScrooll.swift */; };
		2210244628D5201500F412A5 /* InfoGardenInfosCell.swift in Sources */ = {isa = PBXBuildFile; fileRef = 2210244528D5201500F412A5 /* InfoGardenInfosCell.swift */; };
		2210244828D5230C00F412A5 /* InfoGardenCellType.swift in Sources */ = {isa = PBXBuildFile; fileRef = 2210244728D5230C00F412A5 /* InfoGardenCellType.swift */; };
		2210244B28D5272C00F412A5 /* InfoGardenMap.swift in Sources */ = {isa = PBXBuildFile; fileRef = 2210244A28D5272C00F412A5 /* InfoGardenMap.swift */; };
		2210245128D529FA00F412A5 /* InfoGardenReport.swift in Sources */ = {isa = PBXBuildFile; fileRef = 2210245028D529FA00F412A5 /* InfoGardenReport.swift */; };
		2210245428D52B2B00F412A5 /* InfoGardenInfosDataSource.swift in Sources */ = {isa = PBXBuildFile; fileRef = 2210245328D52B2B00F412A5 /* InfoGardenInfosDataSource.swift */; };
		2210245728D53F3300F412A5 /* InfoGardenInfosDelegate.swift in Sources */ = {isa = PBXBuildFile; fileRef = 2210245628D53F3300F412A5 /* InfoGardenInfosDelegate.swift */; };
		2210245928D845D800F412A5 /* InfoGardenImagesDataSource.swift in Sources */ = {isa = PBXBuildFile; fileRef = 2210245828D845D800F412A5 /* InfoGardenImagesDataSource.swift */; };
		2210245D28D8494A00F412A5 /* InfoGardenImagesCell.swift in Sources */ = {isa = PBXBuildFile; fileRef = 2210245C28D8494A00F412A5 /* InfoGardenImagesCell.swift */; };
		2210245F28D84B4D00F412A5 /* InfoGardenImagesDelegate.swift in Sources */ = {isa = PBXBuildFile; fileRef = 2210245E28D84B4D00F412A5 /* InfoGardenImagesDelegate.swift */; };
		2210246228D84C6800F412A5 /* InfoGardenProtocol.swift in Sources */ = {isa = PBXBuildFile; fileRef = 2210246128D84C6800F412A5 /* InfoGardenProtocol.swift */; };
		2210246628D8DC0800F412A5 /* InfoGardenContact.swift in Sources */ = {isa = PBXBuildFile; fileRef = 2210246528D8DC0800F412A5 /* InfoGardenContact.swift */; };
		2210246828D8F9BC00F412A5 /* ContactGroup.swift in Sources */ = {isa = PBXBuildFile; fileRef = 2210246728D8F9BC00F412A5 /* ContactGroup.swift */; };
		2210246A28D9013E00F412A5 /* ContactIcon.swift in Sources */ = {isa = PBXBuildFile; fileRef = 2210246928D9013E00F412A5 /* ContactIcon.swift */; };
		2210246C28D9017700F412A5 /* UIImage+ContactIcon.swift in Sources */ = {isa = PBXBuildFile; fileRef = 2210246B28D9017700F412A5 /* UIImage+ContactIcon.swift */; };
		2212E82B28DB8734004CCBAA /* GardenDelegate.swift in Sources */ = {isa = PBXBuildFile; fileRef = 2212E82A28DB8734004CCBAA /* GardenDelegate.swift */; };
		2212E82D28DB877B004CCBAA /* GardenProtocol.swift in Sources */ = {isa = PBXBuildFile; fileRef = 2212E82C28DB877B004CCBAA /* GardenProtocol.swift */; };
		2212E83128DB884E004CCBAA /* MenuController.swift in Sources */ = {isa = PBXBuildFile; fileRef = 2212E83028DB884E004CCBAA /* MenuController.swift */; };
		2212E83328DB88D9004CCBAA /* TabBarProtocol.swift in Sources */ = {isa = PBXBuildFile; fileRef = 2212E83228DB88D9004CCBAA /* TabBarProtocol.swift */; };
		2212E83B28DB9F60004CCBAA /* InfoFoodController.swift in Sources */ = {isa = PBXBuildFile; fileRef = 2212E83A28DB9F60004CCBAA /* InfoFoodController.swift */; };
		2212E83D28DB9F7B004CCBAA /* InfoFoodView.swift in Sources */ = {isa = PBXBuildFile; fileRef = 2212E83C28DB9F7B004CCBAA /* InfoFoodView.swift */; };
		2212E84228DCEC07004CCBAA /* CustomLabel.swift in Sources */ = {isa = PBXBuildFile; fileRef = 2212E84128DCEC07004CCBAA /* CustomLabel.swift */; };
		2212E84528DD0DA9004CCBAA /* FoodProtocol.swift in Sources */ = {isa = PBXBuildFile; fileRef = 2212E84428DD0DA9004CCBAA /* FoodProtocol.swift */; };
		222937BE28C66B5600515095 /* AppDelegate.swift in Sources */ = {isa = PBXBuildFile; fileRef = 222937BD28C66B5600515095 /* AppDelegate.swift */; };
		222937C028C66B5600515095 /* SceneDelegate.swift in Sources */ = {isa = PBXBuildFile; fileRef = 222937BF28C66B5600515095 /* SceneDelegate.swift */; };
		222937C828C66B5600515095 /* DataBase.xcdatamodeld in Sources */ = {isa = PBXBuildFile; fileRef = 222937C628C66B5600515095 /* DataBase.xcdatamodeld */; };
		222937CA28C66B5800515095 /* Assets.xcassets in Resources */ = {isa = PBXBuildFile; fileRef = 222937C928C66B5800515095 /* Assets.xcassets */; };
		222937CD28C66B5800515095 /* LaunchScreen.storyboard in Resources */ = {isa = PBXBuildFile; fileRef = 222937CB28C66B5800515095 /* LaunchScreen.storyboard */; };
		222937E128C66F7300515095 /* AppIcons.swift in Sources */ = {isa = PBXBuildFile; fileRef = 222937E028C66F7300515095 /* AppIcons.swift */; };
		222937E328C66F7F00515095 /* AppColors.swift in Sources */ = {isa = PBXBuildFile; fileRef = 222937E228C66F7F00515095 /* AppColors.swift */; };
		222937E528C6779500515095 /* UIColors+AppColors.swift in Sources */ = {isa = PBXBuildFile; fileRef = 222937E428C6779500515095 /* UIColors+AppColors.swift */; };
		222937E728C6822200515095 /* FontInfo.swift in Sources */ = {isa = PBXBuildFile; fileRef = 222937E628C6822200515095 /* FontInfo.swift */; };
		222937E928C6824600515095 /* IconInfo.swift in Sources */ = {isa = PBXBuildFile; fileRef = 222937E828C6824600515095 /* IconInfo.swift */; };
		222937EB28C6828500515095 /* UILabel+FontInfo.swift in Sources */ = {isa = PBXBuildFile; fileRef = 222937EA28C6828500515095 /* UILabel+FontInfo.swift */; };
		222937ED28C682C900515095 /* UIButton+FontInfo.swift in Sources */ = {isa = PBXBuildFile; fileRef = 222937EC28C682C900515095 /* UIButton+FontInfo.swift */; };
		222937EF28C6831300515095 /* UITextField+FontInfo.swift in Sources */ = {isa = PBXBuildFile; fileRef = 222937EE28C6831300515095 /* UITextField+FontInfo.swift */; };
		222937F128C6837500515095 /* UIButton+IconInfo.swift in Sources */ = {isa = PBXBuildFile; fileRef = 222937F028C6837500515095 /* UIButton+IconInfo.swift */; };
		222937F328C6844E00515095 /* CustomViews.swift in Sources */ = {isa = PBXBuildFile; fileRef = 222937F228C6844E00515095 /* CustomViews.swift */; };
		222937F528C6846700515095 /* ContainerView.swift in Sources */ = {isa = PBXBuildFile; fileRef = 222937F428C6846700515095 /* ContainerView.swift */; };
		222937F928C68B9B00515095 /* CollectionGroup.swift in Sources */ = {isa = PBXBuildFile; fileRef = 222937F828C68B9B00515095 /* CollectionGroup.swift */; };
		222937FC28C68C8200515095 /* CollectionGroupStyle.swift in Sources */ = {isa = PBXBuildFile; fileRef = 222937FB28C68C8200515095 /* CollectionGroupStyle.swift */; };
		222937FF28C68EE100515095 /* FavoriteViewController.swift in Sources */ = {isa = PBXBuildFile; fileRef = 222937FE28C68EE100515095 /* FavoriteViewController.swift */; };
		2229380128C68EF500515095 /* FavoriteView.swift in Sources */ = {isa = PBXBuildFile; fileRef = 2229380028C68EF500515095 /* FavoriteView.swift */; };
		2229382028C7C3FC00515095 /* MainController.swift in Sources */ = {isa = PBXBuildFile; fileRef = 2229381F28C7C3FC00515095 /* MainController.swift */; };
		2229382228C7C5DE00515095 /* UIImage+AppIcons.swift in Sources */ = {isa = PBXBuildFile; fileRef = 2229382128C7C5DE00515095 /* UIImage+AppIcons.swift */; };
		2229382628C852D200515095 /* CustomButton.swift in Sources */ = {isa = PBXBuildFile; fileRef = 2229382528C852D200515095 /* CustomButton.swift */; };
		2229382928C85EF700515095 /* UITextField+setupPlaceHolder.swift in Sources */ = {isa = PBXBuildFile; fileRef = 2229382828C85EF700515095 /* UITextField+setupPlaceHolder.swift */; };
		2229382C28C87BC400515095 /* AppPureColors.swift in Sources */ = {isa = PBXBuildFile; fileRef = 2229382B28C87BC400515095 /* AppPureColors.swift */; };
		2229383A28C8829000515095 /* UIFont+setupFont.swift in Sources */ = {isa = PBXBuildFile; fileRef = 2229383928C8829000515095 /* UIFont+setupFont.swift */; };
		2229383F28C8924400515095 /* GardenView.swift in Sources */ = {isa = PBXBuildFile; fileRef = 2229383E28C8924400515095 /* GardenView.swift */; };
		2229384128C8927500515095 /* GardenController.swift in Sources */ = {isa = PBXBuildFile; fileRef = 2229384028C8927500515095 /* GardenController.swift */; };
		2229384828C8931B00515095 /* FoodController.swift in Sources */ = {isa = PBXBuildFile; fileRef = 2229384728C8931B00515095 /* FoodController.swift */; };
		2229384A28C8934100515095 /* FoodView.swift in Sources */ = {isa = PBXBuildFile; fileRef = 2229384928C8934100515095 /* FoodView.swift */; };
		2229384D28C8942B00515095 /* UIViewController+setupTab.swift in Sources */ = {isa = PBXBuildFile; fileRef = 2229384C28C8942B00515095 /* UIViewController+setupTab.swift */; };
		2229384F28C8964200515095 /* MainView.swift in Sources */ = {isa = PBXBuildFile; fileRef = 2229384E28C8964200515095 /* MainView.swift */; };
		2229385528C9335C00515095 /* UIView+AdpativeLayout.swift in Sources */ = {isa = PBXBuildFile; fileRef = 2229385428C9335C00515095 /* UIView+AdpativeLayout.swift */; };
		2229385928C9D1DF00515095 /* Screens.swift in Sources */ = {isa = PBXBuildFile; fileRef = 2229385828C9D1DF00515095 /* Screens.swift */; };
		2229385B28C9D3AC00515095 /* ScreenInfo.swift in Sources */ = {isa = PBXBuildFile; fileRef = 2229385A28C9D3AC00515095 /* ScreenInfo.swift */; };
		2229385D28C9D55700515095 /* Dimension.swift in Sources */ = {isa = PBXBuildFile; fileRef = 2229385C28C9D55700515095 /* Dimension.swift */; };
		2229386128C9D59700515095 /* ScreenSize.swift in Sources */ = {isa = PBXBuildFile; fileRef = 2229386028C9D59700515095 /* ScreenSize.swift */; };
		2229386328C9D5CE00515095 /* AdaptiveLayout.swift in Sources */ = {isa = PBXBuildFile; fileRef = 2229386228C9D5CE00515095 /* AdaptiveLayout.swift */; };
		2229386628C9DA1600515095 /* UITextField+setupIconsColor.swift in Sources */ = {isa = PBXBuildFile; fileRef = 2229386528C9DA1600515095 /* UITextField+setupIconsColor.swift */; };
		223B75CB28F0D99B0034B2C4 /* UDHandler+DataType.swift in Sources */ = {isa = PBXBuildFile; fileRef = 223B75CA28F0D99B0034B2C4 /* UDHandler+DataType.swift */; };
		223B75CD28F0D9B00034B2C4 /* DataManager.swift in Sources */ = {isa = PBXBuildFile; fileRef = 223B75CC28F0D9B00034B2C4 /* DataManager.swift */; };
		223B75D528F0DB8A0034B2C4 /* foodData.json in Resources */ = {isa = PBXBuildFile; fileRef = 223B75D328F0DB890034B2C4 /* foodData.json */; };
		223B75D628F0DB8A0034B2C4 /* gardenData.json in Resources */ = {isa = PBXBuildFile; fileRef = 223B75D428F0DB890034B2C4 /* gardenData.json */; };
		223B75D928F0DBA60034B2C4 /* DataType.swift in Sources */ = {isa = PBXBuildFile; fileRef = 223B75D828F0DBA60034B2C4 /* DataType.swift */; };
		223B75DB28F0DC840034B2C4 /* ManagedImage.swift in Sources */ = {isa = PBXBuildFile; fileRef = 223B75DA28F0DC840034B2C4 /* ManagedImage.swift */; };
		223B75E028F146920034B2C4 /* GardenDataManager.swift in Sources */ = {isa = PBXBuildFile; fileRef = 223B75DF28F146920034B2C4 /* GardenDataManager.swift */; };
		223B75E328F1473D0034B2C4 /* FoodDataManager.swift in Sources */ = {isa = PBXBuildFile; fileRef = 223B75E228F1473D0034B2C4 /* FoodDataManager.swift */; };
		223B75E628F16D280034B2C4 /* FavoriteAction.swift in Sources */ = {isa = PBXBuildFile; fileRef = 223B75E528F16D280034B2C4 /* FavoriteAction.swift */; };
		223B75E828F16D670034B2C4 /* FavoriteUpdate.swift in Sources */ = {isa = PBXBuildFile; fileRef = 223B75E728F16D670034B2C4 /* FavoriteUpdate.swift */; };
		22A3916E28F6E62700A42DC1 /* InfoGardenCellProtocol.swift in Sources */ = {isa = PBXBuildFile; fileRef = 22A3916D28F6E62700A42DC1 /* InfoGardenCellProtocol.swift */; };
		22A3917428F784B200A42DC1 /* ManagedGardenData.swift in Sources */ = {isa = PBXBuildFile; fileRef = 22A3917328F784B200A42DC1 /* ManagedGardenData.swift */; };
		22A3917628F784FB00A42DC1 /* ManagedGarden.swift in Sources */ = {isa = PBXBuildFile; fileRef = 22A3917528F784FB00A42DC1 /* ManagedGarden.swift */; };
		22A3917828F7854000A42DC1 /* ManagedContact.swift in Sources */ = {isa = PBXBuildFile; fileRef = 22A3917728F7854000A42DC1 /* ManagedContact.swift */; };
		22A3917A28F7858100A42DC1 /* ManagedHourInfo.swift in Sources */ = {isa = PBXBuildFile; fileRef = 22A3917928F7858100A42DC1 /* ManagedHourInfo.swift */; };
		22A3917D28F785C300A42DC1 /* ManagedFoodData.swift in Sources */ = {isa = PBXBuildFile; fileRef = 22A3917C28F785C300A42DC1 /* ManagedFoodData.swift */; };
		22A3917F28F7860100A42DC1 /* ManagedFood.swift in Sources */ = {isa = PBXBuildFile; fileRef = 22A3917E28F7860100A42DC1 /* ManagedFood.swift */; };
		22A3918128F7862800A42DC1 /* ManagedVitamins.swift in Sources */ = {isa = PBXBuildFile; fileRef = 22A3918028F7862800A42DC1 /* ManagedVitamins.swift */; };
		22A3918428F7AD5D00A42DC1 /* SearchProtocol.swift in Sources */ = {isa = PBXBuildFile; fileRef = 22A3918328F7AD5D00A42DC1 /* SearchProtocol.swift */; };
		22A3918628F7AE3000A42DC1 /* SearchDelegate.swift in Sources */ = {isa = PBXBuildFile; fileRef = 22A3918528F7AE3000A42DC1 /* SearchDelegate.swift */; };
		22E8C4E028D9188400CE6061 /* InfoGardenTime.swift in Sources */ = {isa = PBXBuildFile; fileRef = 22E8C4DF28D9188400CE6061 /* InfoGardenTime.swift */; };
		22E8C4E428D918B500CE6061 /* TimeGroup.swift in Sources */ = {isa = PBXBuildFile; fileRef = 22E8C4E328D918B500CE6061 /* TimeGroup.swift */; };
		22EDD4AB28D95812001CE093 /* CustomStack.swift in Sources */ = {isa = PBXBuildFile; fileRef = 22EDD4AA28D95812001CE093 /* CustomStack.swift */; };
		22EDD4B328DA2D4F001CE093 /* HourInfoController.swift in Sources */ = {isa = PBXBuildFile; fileRef = 22EDD4B228DA2D4F001CE093 /* HourInfoController.swift */; };
		22EDD4B528DA2DC7001CE093 /* HourInfoDataSource.swift in Sources */ = {isa = PBXBuildFile; fileRef = 22EDD4B428DA2DC7001CE093 /* HourInfoDataSource.swift */; };
		22EDD4B728DA2E00001CE093 /* HourInfoCell.swift in Sources */ = {isa = PBXBuildFile; fileRef = 22EDD4B628DA2E00001CE093 /* HourInfoCell.swift */; };
		22EDD4B928DA313B001CE093 /* HourInfoView.swift in Sources */ = {isa = PBXBuildFile; fileRef = 22EDD4B828DA313B001CE093 /* HourInfoView.swift */; };
		22EDD4BE28DA4A6A001CE093 /* AppImages.swift in Sources */ = {isa = PBXBuildFile; fileRef = 22EDD4BD28DA4A6A001CE093 /* AppImages.swift */; };
		22EDD4C128DA4B33001CE093 /* UIImage+AppImages.swift in Sources */ = {isa = PBXBuildFile; fileRef = 22EDD4C028DA4B33001CE093 /* UIImage+AppImages.swift */; };
		B241564728D26E4C009F011C /* FoodCell.swift in Sources */ = {isa = PBXBuildFile; fileRef = B241564628D26E4C009F011C /* FoodCell.swift */; };
		B241564C28D2722B009F011C /* FoodDataSource.swift in Sources */ = {isa = PBXBuildFile; fileRef = B241564B28D2722B009F011C /* FoodDataSource.swift */; };
		B241564E28D27284009F011C /* FoodDelegate.swift in Sources */ = {isa = PBXBuildFile; fileRef = B241564D28D27284009F011C /* FoodDelegate.swift */; };
/* End PBXBuildFile section */

/* Begin PBXFileReference section */
		065ECFBD28D2526600F024E7 /* GardenCell.swift */ = {isa = PBXFileReference; lastKnownFileType = sourcecode.swift; path = GardenCell.swift; sourceTree = "<group>"; };
		065ECFC328D26A4D00F024E7 /* GardenDataSource.swift */ = {isa = PBXFileReference; lastKnownFileType = sourcecode.swift; path = GardenDataSource.swift; sourceTree = "<group>"; };
		220A63E328D24C3800D9E2A9 /* InfoGardenView.swift */ = {isa = PBXFileReference; lastKnownFileType = sourcecode.swift; path = InfoGardenView.swift; sourceTree = "<group>"; };
		220A63E828D24C7100D9E2A9 /* InfoGardenController.swift */ = {isa = PBXFileReference; lastKnownFileType = sourcecode.swift; path = InfoGardenController.swift; sourceTree = "<group>"; };
		220A63EB28D24CFA00D9E2A9 /* LabelExpansive.swift */ = {isa = PBXFileReference; lastKnownFileType = sourcecode.swift; path = LabelExpansive.swift; sourceTree = "<group>"; };
		220A63ED28D3BDF700D9E2A9 /* CustomScrooll.swift */ = {isa = PBXFileReference; lastKnownFileType = sourcecode.swift; path = CustomScrooll.swift; sourceTree = "<group>"; };
		2210244528D5201500F412A5 /* InfoGardenInfosCell.swift */ = {isa = PBXFileReference; lastKnownFileType = sourcecode.swift; path = InfoGardenInfosCell.swift; sourceTree = "<group>"; };
		2210244728D5230C00F412A5 /* InfoGardenCellType.swift */ = {isa = PBXFileReference; lastKnownFileType = sourcecode.swift; path = InfoGardenCellType.swift; sourceTree = "<group>"; };
		2210244A28D5272C00F412A5 /* InfoGardenMap.swift */ = {isa = PBXFileReference; lastKnownFileType = sourcecode.swift; path = InfoGardenMap.swift; sourceTree = "<group>"; };
		2210245028D529FA00F412A5 /* InfoGardenReport.swift */ = {isa = PBXFileReference; lastKnownFileType = sourcecode.swift; path = InfoGardenReport.swift; sourceTree = "<group>"; };
		2210245328D52B2B00F412A5 /* InfoGardenInfosDataSource.swift */ = {isa = PBXFileReference; lastKnownFileType = sourcecode.swift; path = InfoGardenInfosDataSource.swift; sourceTree = "<group>"; };
		2210245628D53F3300F412A5 /* InfoGardenInfosDelegate.swift */ = {isa = PBXFileReference; lastKnownFileType = sourcecode.swift; path = InfoGardenInfosDelegate.swift; sourceTree = "<group>"; };
		2210245828D845D800F412A5 /* InfoGardenImagesDataSource.swift */ = {isa = PBXFileReference; lastKnownFileType = sourcecode.swift; path = InfoGardenImagesDataSource.swift; sourceTree = "<group>"; };
		2210245C28D8494A00F412A5 /* InfoGardenImagesCell.swift */ = {isa = PBXFileReference; lastKnownFileType = sourcecode.swift; path = InfoGardenImagesCell.swift; sourceTree = "<group>"; };
		2210245E28D84B4D00F412A5 /* InfoGardenImagesDelegate.swift */ = {isa = PBXFileReference; lastKnownFileType = sourcecode.swift; path = InfoGardenImagesDelegate.swift; sourceTree = "<group>"; };
		2210246128D84C6800F412A5 /* InfoGardenProtocol.swift */ = {isa = PBXFileReference; lastKnownFileType = sourcecode.swift; path = InfoGardenProtocol.swift; sourceTree = "<group>"; };
		2210246528D8DC0800F412A5 /* InfoGardenContact.swift */ = {isa = PBXFileReference; lastKnownFileType = sourcecode.swift; path = InfoGardenContact.swift; sourceTree = "<group>"; };
		2210246728D8F9BC00F412A5 /* ContactGroup.swift */ = {isa = PBXFileReference; lastKnownFileType = sourcecode.swift; path = ContactGroup.swift; sourceTree = "<group>"; };
		2210246928D9013E00F412A5 /* ContactIcon.swift */ = {isa = PBXFileReference; lastKnownFileType = sourcecode.swift; path = ContactIcon.swift; sourceTree = "<group>"; };
		2210246B28D9017700F412A5 /* UIImage+ContactIcon.swift */ = {isa = PBXFileReference; lastKnownFileType = sourcecode.swift; path = "UIImage+ContactIcon.swift"; sourceTree = "<group>"; };
		2212E82A28DB8734004CCBAA /* GardenDelegate.swift */ = {isa = PBXFileReference; lastKnownFileType = sourcecode.swift; path = GardenDelegate.swift; sourceTree = "<group>"; };
		2212E82C28DB877B004CCBAA /* GardenProtocol.swift */ = {isa = PBXFileReference; lastKnownFileType = sourcecode.swift; path = GardenProtocol.swift; sourceTree = "<group>"; };
		2212E83028DB884E004CCBAA /* MenuController.swift */ = {isa = PBXFileReference; lastKnownFileType = sourcecode.swift; path = MenuController.swift; sourceTree = "<group>"; };
		2212E83228DB88D9004CCBAA /* TabBarProtocol.swift */ = {isa = PBXFileReference; lastKnownFileType = sourcecode.swift; path = TabBarProtocol.swift; sourceTree = "<group>"; };
		2212E83A28DB9F60004CCBAA /* InfoFoodController.swift */ = {isa = PBXFileReference; lastKnownFileType = sourcecode.swift; path = InfoFoodController.swift; sourceTree = "<group>"; };
		2212E83C28DB9F7B004CCBAA /* InfoFoodView.swift */ = {isa = PBXFileReference; lastKnownFileType = sourcecode.swift; path = InfoFoodView.swift; sourceTree = "<group>"; };
		2212E84128DCEC07004CCBAA /* CustomLabel.swift */ = {isa = PBXFileReference; lastKnownFileType = sourcecode.swift; path = CustomLabel.swift; sourceTree = "<group>"; };
		2212E84428DD0DA9004CCBAA /* FoodProtocol.swift */ = {isa = PBXFileReference; lastKnownFileType = sourcecode.swift; path = FoodProtocol.swift; sourceTree = "<group>"; };
		222937BA28C66B5600515095 /* Hortali.app */ = {isa = PBXFileReference; explicitFileType = wrapper.application; includeInIndex = 0; path = Hortali.app; sourceTree = BUILT_PRODUCTS_DIR; };
		222937BD28C66B5600515095 /* AppDelegate.swift */ = {isa = PBXFileReference; lastKnownFileType = sourcecode.swift; path = AppDelegate.swift; sourceTree = "<group>"; };
		222937BF28C66B5600515095 /* SceneDelegate.swift */ = {isa = PBXFileReference; lastKnownFileType = sourcecode.swift; path = SceneDelegate.swift; sourceTree = "<group>"; };
		222937C728C66B5600515095 /* Macrou.xcdatamodel */ = {isa = PBXFileReference; lastKnownFileType = wrapper.xcdatamodel; path = Macrou.xcdatamodel; sourceTree = "<group>"; };
		222937C928C66B5800515095 /* Assets.xcassets */ = {isa = PBXFileReference; lastKnownFileType = folder.assetcatalog; path = Assets.xcassets; sourceTree = "<group>"; };
		222937CC28C66B5800515095 /* Base */ = {isa = PBXFileReference; lastKnownFileType = file.storyboard; name = Base; path = Base.lproj/LaunchScreen.storyboard; sourceTree = "<group>"; };
		222937CE28C66B5800515095 /* Info.plist */ = {isa = PBXFileReference; lastKnownFileType = text.plist.xml; path = Info.plist; sourceTree = "<group>"; };
		222937E028C66F7300515095 /* AppIcons.swift */ = {isa = PBXFileReference; lastKnownFileType = sourcecode.swift; path = AppIcons.swift; sourceTree = "<group>"; };
		222937E228C66F7F00515095 /* AppColors.swift */ = {isa = PBXFileReference; lastKnownFileType = sourcecode.swift; path = AppColors.swift; sourceTree = "<group>"; };
		222937E428C6779500515095 /* UIColors+AppColors.swift */ = {isa = PBXFileReference; lastKnownFileType = sourcecode.swift; path = "UIColors+AppColors.swift"; sourceTree = "<group>"; };
		222937E628C6822200515095 /* FontInfo.swift */ = {isa = PBXFileReference; lastKnownFileType = sourcecode.swift; path = FontInfo.swift; sourceTree = "<group>"; };
		222937E828C6824600515095 /* IconInfo.swift */ = {isa = PBXFileReference; lastKnownFileType = sourcecode.swift; path = IconInfo.swift; sourceTree = "<group>"; };
		222937EA28C6828500515095 /* UILabel+FontInfo.swift */ = {isa = PBXFileReference; lastKnownFileType = sourcecode.swift; path = "UILabel+FontInfo.swift"; sourceTree = "<group>"; };
		222937EC28C682C900515095 /* UIButton+FontInfo.swift */ = {isa = PBXFileReference; lastKnownFileType = sourcecode.swift; path = "UIButton+FontInfo.swift"; sourceTree = "<group>"; };
		222937EE28C6831300515095 /* UITextField+FontInfo.swift */ = {isa = PBXFileReference; lastKnownFileType = sourcecode.swift; path = "UITextField+FontInfo.swift"; sourceTree = "<group>"; };
		222937F028C6837500515095 /* UIButton+IconInfo.swift */ = {isa = PBXFileReference; lastKnownFileType = sourcecode.swift; path = "UIButton+IconInfo.swift"; sourceTree = "<group>"; };
		222937F228C6844E00515095 /* CustomViews.swift */ = {isa = PBXFileReference; lastKnownFileType = sourcecode.swift; path = CustomViews.swift; sourceTree = "<group>"; };
		222937F428C6846700515095 /* ContainerView.swift */ = {isa = PBXFileReference; lastKnownFileType = sourcecode.swift; path = ContainerView.swift; sourceTree = "<group>"; };
		222937F828C68B9B00515095 /* CollectionGroup.swift */ = {isa = PBXFileReference; lastKnownFileType = sourcecode.swift; path = CollectionGroup.swift; sourceTree = "<group>"; };
		222937FB28C68C8200515095 /* CollectionGroupStyle.swift */ = {isa = PBXFileReference; lastKnownFileType = sourcecode.swift; path = CollectionGroupStyle.swift; sourceTree = "<group>"; };
		222937FE28C68EE100515095 /* FavoriteViewController.swift */ = {isa = PBXFileReference; lastKnownFileType = sourcecode.swift; path = FavoriteViewController.swift; sourceTree = "<group>"; };
		2229380028C68EF500515095 /* FavoriteView.swift */ = {isa = PBXFileReference; lastKnownFileType = sourcecode.swift; path = FavoriteView.swift; sourceTree = "<group>"; };
		2229381F28C7C3FC00515095 /* MainController.swift */ = {isa = PBXFileReference; lastKnownFileType = sourcecode.swift; path = MainController.swift; sourceTree = "<group>"; };
		2229382128C7C5DE00515095 /* UIImage+AppIcons.swift */ = {isa = PBXFileReference; lastKnownFileType = sourcecode.swift; path = "UIImage+AppIcons.swift"; sourceTree = "<group>"; };
		2229382528C852D200515095 /* CustomButton.swift */ = {isa = PBXFileReference; lastKnownFileType = sourcecode.swift; path = CustomButton.swift; sourceTree = "<group>"; };
		2229382828C85EF700515095 /* UITextField+setupPlaceHolder.swift */ = {isa = PBXFileReference; lastKnownFileType = sourcecode.swift; path = "UITextField+setupPlaceHolder.swift"; sourceTree = "<group>"; };
		2229382B28C87BC400515095 /* AppPureColors.swift */ = {isa = PBXFileReference; lastKnownFileType = sourcecode.swift; path = AppPureColors.swift; sourceTree = "<group>"; };
		2229383928C8829000515095 /* UIFont+setupFont.swift */ = {isa = PBXFileReference; lastKnownFileType = sourcecode.swift; path = "UIFont+setupFont.swift"; sourceTree = "<group>"; };
		2229383E28C8924400515095 /* GardenView.swift */ = {isa = PBXFileReference; lastKnownFileType = sourcecode.swift; path = GardenView.swift; sourceTree = "<group>"; };
		2229384028C8927500515095 /* GardenController.swift */ = {isa = PBXFileReference; lastKnownFileType = sourcecode.swift; path = GardenController.swift; sourceTree = "<group>"; };
		2229384728C8931B00515095 /* FoodController.swift */ = {isa = PBXFileReference; lastKnownFileType = sourcecode.swift; path = FoodController.swift; sourceTree = "<group>"; };
		2229384928C8934100515095 /* FoodView.swift */ = {isa = PBXFileReference; lastKnownFileType = sourcecode.swift; path = FoodView.swift; sourceTree = "<group>"; };
		2229384C28C8942B00515095 /* UIViewController+setupTab.swift */ = {isa = PBXFileReference; lastKnownFileType = sourcecode.swift; path = "UIViewController+setupTab.swift"; sourceTree = "<group>"; };
		2229384E28C8964200515095 /* MainView.swift */ = {isa = PBXFileReference; lastKnownFileType = sourcecode.swift; path = MainView.swift; sourceTree = "<group>"; };
		2229385428C9335C00515095 /* UIView+AdpativeLayout.swift */ = {isa = PBXFileReference; lastKnownFileType = sourcecode.swift; path = "UIView+AdpativeLayout.swift"; sourceTree = "<group>"; };
		2229385828C9D1DF00515095 /* Screens.swift */ = {isa = PBXFileReference; lastKnownFileType = sourcecode.swift; path = Screens.swift; sourceTree = "<group>"; };
		2229385A28C9D3AC00515095 /* ScreenInfo.swift */ = {isa = PBXFileReference; lastKnownFileType = sourcecode.swift; path = ScreenInfo.swift; sourceTree = "<group>"; };
		2229385C28C9D55700515095 /* Dimension.swift */ = {isa = PBXFileReference; lastKnownFileType = sourcecode.swift; path = Dimension.swift; sourceTree = "<group>"; };
		2229386028C9D59700515095 /* ScreenSize.swift */ = {isa = PBXFileReference; lastKnownFileType = sourcecode.swift; path = ScreenSize.swift; sourceTree = "<group>"; };
		2229386228C9D5CE00515095 /* AdaptiveLayout.swift */ = {isa = PBXFileReference; lastKnownFileType = sourcecode.swift; path = AdaptiveLayout.swift; sourceTree = "<group>"; };
		2229386528C9DA1600515095 /* UITextField+setupIconsColor.swift */ = {isa = PBXFileReference; lastKnownFileType = sourcecode.swift; path = "UITextField+setupIconsColor.swift"; sourceTree = "<group>"; };
		223B75CA28F0D99B0034B2C4 /* UDHandler+DataType.swift */ = {isa = PBXFileReference; lastKnownFileType = sourcecode.swift; path = "UDHandler+DataType.swift"; sourceTree = "<group>"; };
		223B75CC28F0D9B00034B2C4 /* DataManager.swift */ = {isa = PBXFileReference; lastKnownFileType = sourcecode.swift; path = DataManager.swift; sourceTree = "<group>"; };
		223B75D328F0DB890034B2C4 /* foodData.json */ = {isa = PBXFileReference; fileEncoding = 4; lastKnownFileType = text.json; path = foodData.json; sourceTree = "<group>"; };
		223B75D428F0DB890034B2C4 /* gardenData.json */ = {isa = PBXFileReference; fileEncoding = 4; lastKnownFileType = text.json; path = gardenData.json; sourceTree = "<group>"; };
		223B75D828F0DBA60034B2C4 /* DataType.swift */ = {isa = PBXFileReference; lastKnownFileType = sourcecode.swift; path = DataType.swift; sourceTree = "<group>"; };
		223B75DA28F0DC840034B2C4 /* ManagedImage.swift */ = {isa = PBXFileReference; lastKnownFileType = sourcecode.swift; path = ManagedImage.swift; sourceTree = "<group>"; };
		223B75DF28F146920034B2C4 /* GardenDataManager.swift */ = {isa = PBXFileReference; lastKnownFileType = sourcecode.swift; path = GardenDataManager.swift; sourceTree = "<group>"; };
		223B75E228F1473D0034B2C4 /* FoodDataManager.swift */ = {isa = PBXFileReference; lastKnownFileType = sourcecode.swift; path = FoodDataManager.swift; sourceTree = "<group>"; };
		223B75E528F16D280034B2C4 /* FavoriteAction.swift */ = {isa = PBXFileReference; lastKnownFileType = sourcecode.swift; path = FavoriteAction.swift; sourceTree = "<group>"; };
		223B75E728F16D670034B2C4 /* FavoriteUpdate.swift */ = {isa = PBXFileReference; lastKnownFileType = sourcecode.swift; path = FavoriteUpdate.swift; sourceTree = "<group>"; };
		22A3916D28F6E62700A42DC1 /* InfoGardenCellProtocol.swift */ = {isa = PBXFileReference; lastKnownFileType = sourcecode.swift; path = InfoGardenCellProtocol.swift; sourceTree = "<group>"; };
		22A3917328F784B200A42DC1 /* ManagedGardenData.swift */ = {isa = PBXFileReference; lastKnownFileType = sourcecode.swift; path = ManagedGardenData.swift; sourceTree = "<group>"; };
		22A3917528F784FB00A42DC1 /* ManagedGarden.swift */ = {isa = PBXFileReference; lastKnownFileType = sourcecode.swift; path = ManagedGarden.swift; sourceTree = "<group>"; };
		22A3917728F7854000A42DC1 /* ManagedContact.swift */ = {isa = PBXFileReference; lastKnownFileType = sourcecode.swift; path = ManagedContact.swift; sourceTree = "<group>"; };
		22A3917928F7858100A42DC1 /* ManagedHourInfo.swift */ = {isa = PBXFileReference; lastKnownFileType = sourcecode.swift; path = ManagedHourInfo.swift; sourceTree = "<group>"; };
		22A3917C28F785C300A42DC1 /* ManagedFoodData.swift */ = {isa = PBXFileReference; lastKnownFileType = sourcecode.swift; path = ManagedFoodData.swift; sourceTree = "<group>"; };
		22A3917E28F7860100A42DC1 /* ManagedFood.swift */ = {isa = PBXFileReference; lastKnownFileType = sourcecode.swift; path = ManagedFood.swift; sourceTree = "<group>"; };
		22A3918028F7862800A42DC1 /* ManagedVitamins.swift */ = {isa = PBXFileReference; lastKnownFileType = sourcecode.swift; path = ManagedVitamins.swift; sourceTree = "<group>"; };
		22A3918328F7AD5D00A42DC1 /* SearchProtocol.swift */ = {isa = PBXFileReference; lastKnownFileType = sourcecode.swift; path = SearchProtocol.swift; sourceTree = "<group>"; };
		22A3918528F7AE3000A42DC1 /* SearchDelegate.swift */ = {isa = PBXFileReference; lastKnownFileType = sourcecode.swift; path = SearchDelegate.swift; sourceTree = "<group>"; };
		22E8C4DF28D9188400CE6061 /* InfoGardenTime.swift */ = {isa = PBXFileReference; lastKnownFileType = sourcecode.swift; path = InfoGardenTime.swift; sourceTree = "<group>"; };
		22E8C4E328D918B500CE6061 /* TimeGroup.swift */ = {isa = PBXFileReference; lastKnownFileType = sourcecode.swift; path = TimeGroup.swift; sourceTree = "<group>"; };
		22EDD4AA28D95812001CE093 /* CustomStack.swift */ = {isa = PBXFileReference; lastKnownFileType = sourcecode.swift; path = CustomStack.swift; sourceTree = "<group>"; };
		22EDD4B228DA2D4F001CE093 /* HourInfoController.swift */ = {isa = PBXFileReference; lastKnownFileType = sourcecode.swift; path = HourInfoController.swift; sourceTree = "<group>"; };
		22EDD4B428DA2DC7001CE093 /* HourInfoDataSource.swift */ = {isa = PBXFileReference; lastKnownFileType = sourcecode.swift; path = HourInfoDataSource.swift; sourceTree = "<group>"; };
		22EDD4B628DA2E00001CE093 /* HourInfoCell.swift */ = {isa = PBXFileReference; lastKnownFileType = sourcecode.swift; path = HourInfoCell.swift; sourceTree = "<group>"; };
		22EDD4B828DA313B001CE093 /* HourInfoView.swift */ = {isa = PBXFileReference; lastKnownFileType = sourcecode.swift; path = HourInfoView.swift; sourceTree = "<group>"; };
		22EDD4BD28DA4A6A001CE093 /* AppImages.swift */ = {isa = PBXFileReference; lastKnownFileType = sourcecode.swift; path = AppImages.swift; sourceTree = "<group>"; };
		22EDD4C028DA4B33001CE093 /* UIImage+AppImages.swift */ = {isa = PBXFileReference; lastKnownFileType = sourcecode.swift; path = "UIImage+AppImages.swift"; sourceTree = "<group>"; };
		B241564628D26E4C009F011C /* FoodCell.swift */ = {isa = PBXFileReference; lastKnownFileType = sourcecode.swift; path = FoodCell.swift; sourceTree = "<group>"; };
		B241564B28D2722B009F011C /* FoodDataSource.swift */ = {isa = PBXFileReference; lastKnownFileType = sourcecode.swift; path = FoodDataSource.swift; sourceTree = "<group>"; };
		B241564D28D27284009F011C /* FoodDelegate.swift */ = {isa = PBXFileReference; lastKnownFileType = sourcecode.swift; path = FoodDelegate.swift; sourceTree = "<group>"; };
/* End PBXFileReference section */

/* Begin PBXFrameworksBuildPhase section */
		222937B728C66B5600515095 /* Frameworks */ = {
			isa = PBXFrameworksBuildPhase;
			buildActionMask = 2147483647;
			files = (
			);
			runOnlyForDeploymentPostprocessing = 0;
		};
/* End PBXFrameworksBuildPhase section */

/* Begin PBXGroup section */
		065ECFBC28D2522100F024E7 /* Cell */ = {
			isa = PBXGroup;
			children = (
				065ECFBD28D2526600F024E7 /* GardenCell.swift */,
			);
			path = Cell;
			sourceTree = "<group>";
		};
		065ECFC028D26A2F00F024E7 /* DataSource */ = {
			isa = PBXGroup;
			children = (
				065ECFC328D26A4D00F024E7 /* GardenDataSource.swift */,
			);
			path = DataSource;
			sourceTree = "<group>";
		};
		220A63E228D24C1600D9E2A9 /* InfoGarden */ = {
			isa = PBXGroup;
			children = (
				2210246028D84C4600F412A5 /* Protocol */,
				2210245528D53F2400F412A5 /* Delegate */,
				2210245228D52B0500F412A5 /* DataSource */,
				220A63E528D24C3B00D9E2A9 /* View */,
				220A63E828D24C7100D9E2A9 /* InfoGardenController.swift */,
			);
			path = InfoGarden;
			sourceTree = "<group>";
		};
		220A63E528D24C3B00D9E2A9 /* View */ = {
			isa = PBXGroup;
			children = (
				220A63E628D24C4000D9E2A9 /* Cells */,
				220A63E328D24C3800D9E2A9 /* InfoGardenView.swift */,
			);
			path = View;
			sourceTree = "<group>";
		};
		220A63E628D24C4000D9E2A9 /* Cells */ = {
			isa = PBXGroup;
			children = (
				2210245B28D8464900F412A5 /* ImagesCell */,
				2210245A28D8463600F412A5 /* InfosCell */,
			);
			path = Cells;
			sourceTree = "<group>";
		};
		2210244928D526EB00F412A5 /* Types */ = {
			isa = PBXGroup;
			children = (
				2210244728D5230C00F412A5 /* InfoGardenCellType.swift */,
				2210244F28D529D800F412A5 /* InfoGardenReport */,
				2210244E28D529AC00F412A5 /* InfoGardenContact */,
				2210244D28D5299600F412A5 /* InfoGardenTime */,
				2210244C28D5298A00F412A5 /* InfoGardenMap */,
			);
			path = Types;
			sourceTree = "<group>";
		};
		2210244C28D5298A00F412A5 /* InfoGardenMap */ = {
			isa = PBXGroup;
			children = (
				2210244A28D5272C00F412A5 /* InfoGardenMap.swift */,
			);
			path = InfoGardenMap;
			sourceTree = "<group>";
		};
		2210244D28D5299600F412A5 /* InfoGardenTime */ = {
			isa = PBXGroup;
			children = (
				22E8C4E328D918B500CE6061 /* TimeGroup.swift */,
				22E8C4DF28D9188400CE6061 /* InfoGardenTime.swift */,
			);
			path = InfoGardenTime;
			sourceTree = "<group>";
		};
		2210244E28D529AC00F412A5 /* InfoGardenContact */ = {
			isa = PBXGroup;
			children = (
				2210246728D8F9BC00F412A5 /* ContactGroup.swift */,
				2210246528D8DC0800F412A5 /* InfoGardenContact.swift */,
			);
			path = InfoGardenContact;
			sourceTree = "<group>";
		};
		2210244F28D529D800F412A5 /* InfoGardenReport */ = {
			isa = PBXGroup;
			children = (
				2210245028D529FA00F412A5 /* InfoGardenReport.swift */,
			);
			path = InfoGardenReport;
			sourceTree = "<group>";
		};
		2210245228D52B0500F412A5 /* DataSource */ = {
			isa = PBXGroup;
			children = (
				2210245328D52B2B00F412A5 /* InfoGardenInfosDataSource.swift */,
				2210245828D845D800F412A5 /* InfoGardenImagesDataSource.swift */,
			);
			path = DataSource;
			sourceTree = "<group>";
		};
		2210245528D53F2400F412A5 /* Delegate */ = {
			isa = PBXGroup;
			children = (
				2210245628D53F3300F412A5 /* InfoGardenInfosDelegate.swift */,
				2210245E28D84B4D00F412A5 /* InfoGardenImagesDelegate.swift */,
			);
			path = Delegate;
			sourceTree = "<group>";
		};
		2210245A28D8463600F412A5 /* InfosCell */ = {
			isa = PBXGroup;
			children = (
				2210244928D526EB00F412A5 /* Types */,
				2210244528D5201500F412A5 /* InfoGardenInfosCell.swift */,
			);
			path = InfosCell;
			sourceTree = "<group>";
		};
		2210245B28D8464900F412A5 /* ImagesCell */ = {
			isa = PBXGroup;
			children = (
				2210245C28D8494A00F412A5 /* InfoGardenImagesCell.swift */,
			);
			path = ImagesCell;
			sourceTree = "<group>";
		};
		2210246028D84C4600F412A5 /* Protocol */ = {
			isa = PBXGroup;
			children = (
				2210246128D84C6800F412A5 /* InfoGardenProtocol.swift */,
				22A3916D28F6E62700A42DC1 /* InfoGardenCellProtocol.swift */,
			);
			path = Protocol;
			sourceTree = "<group>";
		};
		2212E82E28DB87F2004CCBAA /* Delegate */ = {
			isa = PBXGroup;
			children = (
				2212E82A28DB8734004CCBAA /* GardenDelegate.swift */,
			);
			path = Delegate;
			sourceTree = "<group>";
		};
		2212E82F28DB87FE004CCBAA /* Protocol */ = {
			isa = PBXGroup;
			children = (
				2212E82C28DB877B004CCBAA /* GardenProtocol.swift */,
			);
			path = Protocol;
			sourceTree = "<group>";
		};
		2212E83428DB894A004CCBAA /* Menu */ = {
			isa = PBXGroup;
			children = (
				2212E83028DB884E004CCBAA /* MenuController.swift */,
				2212E83228DB88D9004CCBAA /* TabBarProtocol.swift */,
			);
			path = Menu;
			sourceTree = "<group>";
		};
		2212E83528DB9F2E004CCBAA /* InfoFood */ = {
			isa = PBXGroup;
			children = (
				2212E83728DB9F3E004CCBAA /* View */,
				2212E83A28DB9F60004CCBAA /* InfoFoodController.swift */,
			);
			path = InfoFood;
			sourceTree = "<group>";
		};
		2212E83728DB9F3E004CCBAA /* View */ = {
			isa = PBXGroup;
			children = (
				2212E83C28DB9F7B004CCBAA /* InfoFoodView.swift */,
			);
			path = View;
			sourceTree = "<group>";
		};
		2212E84328DD0D99004CCBAA /* Protocol */ = {
			isa = PBXGroup;
			children = (
				2212E84428DD0DA9004CCBAA /* FoodProtocol.swift */,
			);
			path = Protocol;
			sourceTree = "<group>";
		};
		222937B128C66B5600515095 = {
			isa = PBXGroup;
			children = (
				222937D528C66B6D00515095 /* Shared */,
				222937BC28C66B5600515095 /* iOS-App */,
				222937BB28C66B5600515095 /* Products */,
			);
			sourceTree = "<group>";
		};
		222937BB28C66B5600515095 /* Products */ = {
			isa = PBXGroup;
			children = (
				222937BA28C66B5600515095 /* Hortali.app */,
			);
			name = Products;
			sourceTree = "<group>";
		};
		222937BC28C66B5600515095 /* iOS-App */ = {
			isa = PBXGroup;
			children = (
				222937D428C66B6200515095 /* General */,
				222937D928C66B9200515095 /* Screens */,
				222937CE28C66B5800515095 /* Info.plist */,
			);
			path = "iOS-App";
			sourceTree = "<group>";
		};
		222937D428C66B6200515095 /* General */ = {
			isa = PBXGroup;
			children = (
				22A3918228F7AD2000A42DC1 /* Protocol */,
				222937DE28C66F4D00515095 /* Extensions */,
				222937DA28C66B9800515095 /* Delegates */,
			);
			path = General;
			sourceTree = "<group>";
		};
		222937D528C66B6D00515095 /* Shared */ = {
			isa = PBXGroup;
			children = (
				222937D828C66B8900515095 /* Design System */,
				222937D728C66B8200515095 /* Assets */,
				223B75C728F0D9770034B2C4 /* Storage */,
				223B75D128F0DB690034B2C4 /* Models */,
			);
			path = Shared;
			sourceTree = "<group>";
		};
		222937D628C66B7200515095 /* Core Data */ = {
			isa = PBXGroup;
			children = (
				222937C628C66B5600515095 /* DataBase.xcdatamodeld */,
			);
			path = "Core Data";
			sourceTree = "<group>";
		};
		222937D728C66B8200515095 /* Assets */ = {
			isa = PBXGroup;
			children = (
				222937C928C66B5800515095 /* Assets.xcassets */,
			);
			path = Assets;
			sourceTree = "<group>";
		};
		222937D828C66B8900515095 /* Design System */ = {
			isa = PBXGroup;
			children = (
				2229385328C9334100515095 /* Adaptive Layout */,
				2229380528C694EB00515095 /* Views */,
				222937DD28C66F3F00515095 /* Models */,
			);
			path = "Design System";
			sourceTree = "<group>";
		};
		222937D928C66B9200515095 /* Screens */ = {
			isa = PBXGroup;
			children = (
				2229381E28C7C3DD00515095 /* Main */,
				2229383B28C8922000515095 /* Garden */,
				2229384428C892E900515095 /* Food */,
				222937FD28C68EC500515095 /* Favorite */,
				220A63E228D24C1600D9E2A9 /* InfoGarden */,
				22EDD4AC28DA2D08001CE093 /* HourInfo */,
				2212E83528DB9F2E004CCBAA /* InfoFood */,
			);
			path = Screens;
			sourceTree = "<group>";
		};
		222937DA28C66B9800515095 /* Delegates */ = {
			isa = PBXGroup;
			children = (
				222937DB28C66B9E00515095 /* System */,
				22A3918528F7AE3000A42DC1 /* SearchDelegate.swift */,
			);
			path = Delegates;
			sourceTree = "<group>";
		};
		222937DB28C66B9E00515095 /* System */ = {
			isa = PBXGroup;
			children = (
				222937BD28C66B5600515095 /* AppDelegate.swift */,
				222937BF28C66B5600515095 /* SceneDelegate.swift */,
			);
			path = System;
			sourceTree = "<group>";
		};
		222937DD28C66F3F00515095 /* Models */ = {
			isa = PBXGroup;
			children = (
				22EDD4BC28DA4A51001CE093 /* Images */,
				2229383228C87D5700515095 /* Icons */,
				2229383028C87D2A00515095 /* Font */,
				2229382A28C87B7F00515095 /* Colors */,
			);
			path = Models;
			sourceTree = "<group>";
		};
		222937DE28C66F4D00515095 /* Extensions */ = {
			isa = PBXGroup;
			children = (
				2229384C28C8942B00515095 /* UIViewController+setupTab.swift */,
				2229382828C85EF700515095 /* UITextField+setupPlaceHolder.swift */,
				2229386528C9DA1600515095 /* UITextField+setupIconsColor.swift */,
			);
			path = Extensions;
			sourceTree = "<group>";
		};
		222937FD28C68EC500515095 /* Favorite */ = {
			isa = PBXGroup;
			children = (
				2229384228C892D500515095 /* View */,
				222937FE28C68EE100515095 /* FavoriteViewController.swift */,
			);
			path = Favorite;
			sourceTree = "<group>";
		};
		2229380528C694EB00515095 /* Views */ = {
			isa = PBXGroup;
			children = (
				2229383428C87DA300515095 /* Components */,
				2229382728C85A6C00515095 /* Custom */,
			);
			path = Views;
			sourceTree = "<group>";
		};
		2229381E28C7C3DD00515095 /* Main */ = {
			isa = PBXGroup;
			children = (
				2212E83428DB894A004CCBAA /* Menu */,
				2229385128C89ABB00515095 /* Launch */,
				2229381F28C7C3FC00515095 /* MainController.swift */,
			);
			path = Main;
			sourceTree = "<group>";
		};
		2229382728C85A6C00515095 /* Custom */ = {
			isa = PBXGroup;
			children = (
				22A3916F28F780ED00A42DC1 /* Conponents */,
				222937F228C6844E00515095 /* CustomViews.swift */,
			);
			path = Custom;
			sourceTree = "<group>";
		};
		2229382A28C87B7F00515095 /* Colors */ = {
			isa = PBXGroup;
			children = (
				2229383628C87DCC00515095 /* Extension */,
				2229382B28C87BC400515095 /* AppPureColors.swift */,
				222937E228C66F7F00515095 /* AppColors.swift */,
			);
			path = Colors;
			sourceTree = "<group>";
		};
		2229383028C87D2A00515095 /* Font */ = {
			isa = PBXGroup;
			children = (
				2229383128C87D3900515095 /* Extensions */,
				222937E628C6822200515095 /* FontInfo.swift */,
			);
			path = Font;
			sourceTree = "<group>";
		};
		2229383128C87D3900515095 /* Extensions */ = {
			isa = PBXGroup;
			children = (
				222937EA28C6828500515095 /* UILabel+FontInfo.swift */,
				222937EC28C682C900515095 /* UIButton+FontInfo.swift */,
				222937EE28C6831300515095 /* UITextField+FontInfo.swift */,
				2229383928C8829000515095 /* UIFont+setupFont.swift */,
			);
			path = Extensions;
			sourceTree = "<group>";
		};
		2229383228C87D5700515095 /* Icons */ = {
			isa = PBXGroup;
			children = (
				2229383328C87D5D00515095 /* Extension */,
				222937E028C66F7300515095 /* AppIcons.swift */,
				222937E828C6824600515095 /* IconInfo.swift */,
				2210246928D9013E00F412A5 /* ContactIcon.swift */,
			);
			path = Icons;
			sourceTree = "<group>";
		};
		2229383328C87D5D00515095 /* Extension */ = {
			isa = PBXGroup;
			children = (
				2229382128C7C5DE00515095 /* UIImage+AppIcons.swift */,
				222937F028C6837500515095 /* UIButton+IconInfo.swift */,
				2210246B28D9017700F412A5 /* UIImage+ContactIcon.swift */,
			);
			path = Extension;
			sourceTree = "<group>";
		};
		2229383428C87DA300515095 /* Components */ = {
			isa = PBXGroup;
			children = (
				2229383728C8815000515095 /* CollectionGroup */,
				222937F428C6846700515095 /* ContainerView.swift */,
				220A63EB28D24CFA00D9E2A9 /* LabelExpansive.swift */,
				2229384E28C8964200515095 /* MainView.swift */,
			);
			path = Components;
			sourceTree = "<group>";
		};
		2229383628C87DCC00515095 /* Extension */ = {
			isa = PBXGroup;
			children = (
				222937E428C6779500515095 /* UIColors+AppColors.swift */,
			);
			path = Extension;
			sourceTree = "<group>";
		};
		2229383728C8815000515095 /* CollectionGroup */ = {
			isa = PBXGroup;
			children = (
				222937FB28C68C8200515095 /* CollectionGroupStyle.swift */,
				222937F828C68B9B00515095 /* CollectionGroup.swift */,
			);
			path = CollectionGroup;
			sourceTree = "<group>";
		};
		2229383B28C8922000515095 /* Garden */ = {
			isa = PBXGroup;
			children = (
				2212E82F28DB87FE004CCBAA /* Protocol */,
				2212E82E28DB87F2004CCBAA /* Delegate */,
				065ECFC028D26A2F00F024E7 /* DataSource */,
				2229383D28C8923300515095 /* Views */,
				2229384028C8927500515095 /* GardenController.swift */,
			);
			path = Garden;
			sourceTree = "<group>";
		};
		2229383D28C8923300515095 /* Views */ = {
			isa = PBXGroup;
			children = (
				065ECFBC28D2522100F024E7 /* Cell */,
				2229383E28C8924400515095 /* GardenView.swift */,
			);
			path = Views;
			sourceTree = "<group>";
		};
		2229384228C892D500515095 /* View */ = {
			isa = PBXGroup;
			children = (
				2229380028C68EF500515095 /* FavoriteView.swift */,
			);
			path = View;
			sourceTree = "<group>";
		};
		2229384428C892E900515095 /* Food */ = {
			isa = PBXGroup;
			children = (
				2212E84328DD0D99004CCBAA /* Protocol */,
				B241564928D271A3009F011C /* Delegate */,
				B241564A28D271AA009F011C /* DataSource */,
				2229384528C8930400515095 /* View */,
				2229384728C8931B00515095 /* FoodController.swift */,
			);
			path = Food;
			sourceTree = "<group>";
		};
		2229384528C8930400515095 /* View */ = {
			isa = PBXGroup;
			children = (
				B241564528D26E27009F011C /* Cell */,
				2229384928C8934100515095 /* FoodView.swift */,
			);
			path = View;
			sourceTree = "<group>";
		};
		2229385128C89ABB00515095 /* Launch */ = {
			isa = PBXGroup;
			children = (
				222937CB28C66B5800515095 /* LaunchScreen.storyboard */,
			);
			path = Launch;
			sourceTree = "<group>";
		};
		2229385328C9334100515095 /* Adaptive Layout */ = {
			isa = PBXGroup;
			children = (
				2229385E28C9D56600515095 /* Protocol */,
				2229385F28C9D57000515095 /* Model */,
				2229385428C9335C00515095 /* UIView+AdpativeLayout.swift */,
			);
			path = "Adaptive Layout";
			sourceTree = "<group>";
		};
		2229385E28C9D56600515095 /* Protocol */ = {
			isa = PBXGroup;
			children = (
				2229386028C9D59700515095 /* ScreenSize.swift */,
				2229386228C9D5CE00515095 /* AdaptiveLayout.swift */,
			);
			path = Protocol;
			sourceTree = "<group>";
		};
		2229385F28C9D57000515095 /* Model */ = {
			isa = PBXGroup;
			children = (
				2229386428C9D6F200515095 /* Enum */,
				2229385A28C9D3AC00515095 /* ScreenInfo.swift */,
			);
			path = Model;
			sourceTree = "<group>";
		};
		2229386428C9D6F200515095 /* Enum */ = {
			isa = PBXGroup;
			children = (
				2229385828C9D1DF00515095 /* Screens.swift */,
				2229385C28C9D55700515095 /* Dimension.swift */,
			);
			path = Enum;
			sourceTree = "<group>";
		};
		223B75C728F0D9770034B2C4 /* Storage */ = {
			isa = PBXGroup;
			children = (
				223B75D228F0DB770034B2C4 /* Data */,
				223B75C828F0D97F0034B2C4 /* User Defaults */,
				222937D628C66B7200515095 /* Core Data */,
			);
			path = Storage;
			sourceTree = "<group>";
		};
		223B75C828F0D97F0034B2C4 /* User Defaults */ = {
			isa = PBXGroup;
			children = (
				223B75CA28F0D99B0034B2C4 /* UDHandler+DataType.swift */,
			);
			path = "User Defaults";
			sourceTree = "<group>";
		};
		223B75D128F0DB690034B2C4 /* Models */ = {
			isa = PBXGroup;
			children = (
				22A3917228F7849900A42DC1 /* Food */,
				22A3917128F7848400A42DC1 /* Garden */,
				223B75DA28F0DC840034B2C4 /* ManagedImage.swift */,
			);
			path = Models;
			sourceTree = "<group>";
		};
		223B75D228F0DB770034B2C4 /* Data */ = {
			isa = PBXGroup;
			children = (
				223B75DE28F146790034B2C4 /* JSON */,
				223B75E428F16CFD0034B2C4 /* Models */,
				22A3917028F7843600A42DC1 /* Managers */,
				223B75CC28F0D9B00034B2C4 /* DataManager.swift */,
			);
			path = Data;
			sourceTree = "<group>";
		};
		223B75DE28F146790034B2C4 /* JSON */ = {
			isa = PBXGroup;
			children = (
				223B75D328F0DB890034B2C4 /* foodData.json */,
				223B75D428F0DB890034B2C4 /* gardenData.json */,
			);
			path = JSON;
			sourceTree = "<group>";
		};
		223B75E428F16CFD0034B2C4 /* Models */ = {
			isa = PBXGroup;
			children = (
				223B75D828F0DBA60034B2C4 /* DataType.swift */,
				223B75E528F16D280034B2C4 /* FavoriteAction.swift */,
				223B75E728F16D670034B2C4 /* FavoriteUpdate.swift */,
			);
			path = Models;
			sourceTree = "<group>";
		};
		22A3916F28F780ED00A42DC1 /* Conponents */ = {
			isa = PBXGroup;
			children = (
				2212E84128DCEC07004CCBAA /* CustomLabel.swift */,
				22EDD4AA28D95812001CE093 /* CustomStack.swift */,
				220A63ED28D3BDF700D9E2A9 /* CustomScrooll.swift */,
				2229382528C852D200515095 /* CustomButton.swift */,
			);
			path = Conponents;
			sourceTree = "<group>";
		};
		22A3917028F7843600A42DC1 /* Managers */ = {
			isa = PBXGroup;
			children = (
				223B75DF28F146920034B2C4 /* GardenDataManager.swift */,
				223B75E228F1473D0034B2C4 /* FoodDataManager.swift */,
			);
			path = Managers;
			sourceTree = "<group>";
		};
		22A3917128F7848400A42DC1 /* Garden */ = {
			isa = PBXGroup;
			children = (
				22A3917328F784B200A42DC1 /* ManagedGardenData.swift */,
				22A3917528F784FB00A42DC1 /* ManagedGarden.swift */,
				22A3917728F7854000A42DC1 /* ManagedContact.swift */,
				22A3917928F7858100A42DC1 /* ManagedHourInfo.swift */,
			);
			path = Garden;
			sourceTree = "<group>";
		};
		22A3917228F7849900A42DC1 /* Food */ = {
			isa = PBXGroup;
			children = (
				22A3917C28F785C300A42DC1 /* ManagedFoodData.swift */,
				22A3917E28F7860100A42DC1 /* ManagedFood.swift */,
				22A3918028F7862800A42DC1 /* ManagedVitamins.swift */,
			);
			path = Food;
			sourceTree = "<group>";
		};
		22A3918228F7AD2000A42DC1 /* Protocol */ = {
			isa = PBXGroup;
			children = (
				22A3918328F7AD5D00A42DC1 /* SearchProtocol.swift */,
			);
			path = Protocol;
			sourceTree = "<group>";
		};
		22EDD4AC28DA2D08001CE093 /* HourInfo */ = {
			isa = PBXGroup;
			children = (
				22EDD4AE28DA2D1E001CE093 /* Data Source */,
				22EDD4B028DA2D30001CE093 /* View */,
				22EDD4B228DA2D4F001CE093 /* HourInfoController.swift */,
			);
			path = HourInfo;
			sourceTree = "<group>";
		};
		22EDD4AE28DA2D1E001CE093 /* Data Source */ = {
			isa = PBXGroup;
			children = (
				22EDD4B428DA2DC7001CE093 /* HourInfoDataSource.swift */,
			);
			path = "Data Source";
			sourceTree = "<group>";
		};
		22EDD4B028DA2D30001CE093 /* View */ = {
			isa = PBXGroup;
			children = (
				22EDD4B128DA2D38001CE093 /* Cell */,
				22EDD4B828DA313B001CE093 /* HourInfoView.swift */,
			);
			path = View;
			sourceTree = "<group>";
		};
		22EDD4B128DA2D38001CE093 /* Cell */ = {
			isa = PBXGroup;
			children = (
				22EDD4B628DA2E00001CE093 /* HourInfoCell.swift */,
			);
			path = Cell;
			sourceTree = "<group>";
		};
		22EDD4BC28DA4A51001CE093 /* Images */ = {
			isa = PBXGroup;
			children = (
				22EDD4BF28DA4B14001CE093 /* Extension */,
				22EDD4BD28DA4A6A001CE093 /* AppImages.swift */,
			);
			path = Images;
			sourceTree = "<group>";
		};
		22EDD4BF28DA4B14001CE093 /* Extension */ = {
			isa = PBXGroup;
			children = (
				22EDD4C028DA4B33001CE093 /* UIImage+AppImages.swift */,
			);
			path = Extension;
			sourceTree = "<group>";
		};
		B241564528D26E27009F011C /* Cell */ = {
			isa = PBXGroup;
			children = (
				B241564628D26E4C009F011C /* FoodCell.swift */,
			);
			path = Cell;
			sourceTree = "<group>";
		};
		B241564928D271A3009F011C /* Delegate */ = {
			isa = PBXGroup;
			children = (
				B241564D28D27284009F011C /* FoodDelegate.swift */,
			);
			path = Delegate;
			sourceTree = "<group>";
		};
		B241564A28D271AA009F011C /* DataSource */ = {
			isa = PBXGroup;
			children = (
				B241564B28D2722B009F011C /* FoodDataSource.swift */,
			);
			path = DataSource;
			sourceTree = "<group>";
		};
/* End PBXGroup section */

/* Begin PBXNativeTarget section */
		222937B928C66B5600515095 /* Hortali */ = {
			isa = PBXNativeTarget;
			buildConfigurationList = 222937D128C66B5800515095 /* Build configuration list for PBXNativeTarget "Hortali" */;
			buildPhases = (
				222937B628C66B5600515095 /* Sources */,
				222937B728C66B5600515095 /* Frameworks */,
				222937B828C66B5600515095 /* Resources */,
				B276F9C228D235F100787E88 /* ShellScript */,
			);
			buildRules = (
			);
			dependencies = (
			);
			name = Hortali;
			productName = Macrou;
			productReference = 222937BA28C66B5600515095 /* Hortali.app */;
			productType = "com.apple.product-type.application";
		};
/* End PBXNativeTarget section */

/* Begin PBXProject section */
		222937B228C66B5600515095 /* Project object */ = {
			isa = PBXProject;
			attributes = {
				BuildIndependentTargetsInParallel = 1;
				LastSwiftUpdateCheck = 1340;
				LastUpgradeCheck = 1340;
				TargetAttributes = {
					222937B928C66B5600515095 = {
						CreatedOnToolsVersion = 13.4.1;
					};
				};
			};
			buildConfigurationList = 222937B528C66B5600515095 /* Build configuration list for PBXProject "Hortali" */;
			compatibilityVersion = "Xcode 13.0";
			developmentRegion = en;
			hasScannedForEncodings = 0;
			knownRegions = (
				en,
				Base,
			);
			mainGroup = 222937B128C66B5600515095;
			productRefGroup = 222937BB28C66B5600515095 /* Products */;
			projectDirPath = "";
			projectRoot = "";
			targets = (
				222937B928C66B5600515095 /* Hortali */,
			);
		};
/* End PBXProject section */

/* Begin PBXResourcesBuildPhase section */
		222937B828C66B5600515095 /* Resources */ = {
			isa = PBXResourcesBuildPhase;
			buildActionMask = 2147483647;
			files = (
				222937CD28C66B5800515095 /* LaunchScreen.storyboard in Resources */,
				223B75D528F0DB8A0034B2C4 /* foodData.json in Resources */,
				223B75D628F0DB8A0034B2C4 /* gardenData.json in Resources */,
				222937CA28C66B5800515095 /* Assets.xcassets in Resources */,
			);
			runOnlyForDeploymentPostprocessing = 0;
		};
/* End PBXResourcesBuildPhase section */

/* Begin PBXShellScriptBuildPhase section */
		B276F9C228D235F100787E88 /* ShellScript */ = {
			isa = PBXShellScriptBuildPhase;
			buildActionMask = 2147483647;
			files = (
			);
			inputFileListPaths = (
			);
			inputPaths = (
			);
			outputFileListPaths = (
			);
			outputPaths = (
			);
			runOnlyForDeploymentPostprocessing = 0;
			shellPath = /bin/sh;
			shellScript = "export PATH=\"$PATH:/opt/homebrew/bin\"\nif which swiftlint > /dev/null; then\n  swiftlint\nelse\n  echo \"warning: SwiftLint not installed, download from https://github.com/realm/SwiftLint\"\nfi\n";
		};
/* End PBXShellScriptBuildPhase section */

/* Begin PBXSourcesBuildPhase section */
		222937B628C66B5600515095 /* Sources */ = {
			isa = PBXSourcesBuildPhase;
			buildActionMask = 2147483647;
			files = (
				2212E82D28DB877B004CCBAA /* GardenProtocol.swift in Sources */,
				223B75CD28F0D9B00034B2C4 /* DataManager.swift in Sources */,
				065ECFBE28D2526600F024E7 /* GardenCell.swift in Sources */,
				222937ED28C682C900515095 /* UIButton+FontInfo.swift in Sources */,
				2229382C28C87BC400515095 /* AppPureColors.swift in Sources */,
				220A63EC28D24CFA00D9E2A9 /* LabelExpansive.swift in Sources */,
				222937EF28C6831300515095 /* UITextField+FontInfo.swift in Sources */,
				2210245D28D8494A00F412A5 /* InfoGardenImagesCell.swift in Sources */,
				2229383F28C8924400515095 /* GardenView.swift in Sources */,
				B241564728D26E4C009F011C /* FoodCell.swift in Sources */,
				2229382628C852D200515095 /* CustomButton.swift in Sources */,
				222937BE28C66B5600515095 /* AppDelegate.swift in Sources */,
				220A63E928D24C7100D9E2A9 /* InfoGardenController.swift in Sources */,
				2212E82B28DB8734004CCBAA /* GardenDelegate.swift in Sources */,
				2210244B28D5272C00F412A5 /* InfoGardenMap.swift in Sources */,
				2229386128C9D59700515095 /* ScreenSize.swift in Sources */,
				22EDD4AB28D95812001CE093 /* CustomStack.swift in Sources */,
				2229384D28C8942B00515095 /* UIViewController+setupTab.swift in Sources */,
				2210244828D5230C00F412A5 /* InfoGardenCellType.swift in Sources */,
				222937EB28C6828500515095 /* UILabel+FontInfo.swift in Sources */,
				223B75DB28F0DC840034B2C4 /* ManagedImage.swift in Sources */,
				223B75D928F0DBA60034B2C4 /* DataType.swift in Sources */,
				2210246228D84C6800F412A5 /* InfoGardenProtocol.swift in Sources */,
				22A3917A28F7858100A42DC1 /* ManagedHourInfo.swift in Sources */,
				2229385B28C9D3AC00515095 /* ScreenInfo.swift in Sources */,
				B241564E28D27284009F011C /* FoodDelegate.swift in Sources */,
				2229382028C7C3FC00515095 /* MainController.swift in Sources */,
				2210245428D52B2B00F412A5 /* InfoGardenInfosDataSource.swift in Sources */,
				2212E83328DB88D9004CCBAA /* TabBarProtocol.swift in Sources */,
				2212E83128DB884E004CCBAA /* MenuController.swift in Sources */,
				222937E528C6779500515095 /* UIColors+AppColors.swift in Sources */,
				2210246A28D9013E00F412A5 /* ContactIcon.swift in Sources */,
				2212E84228DCEC07004CCBAA /* CustomLabel.swift in Sources */,
				2210245F28D84B4D00F412A5 /* InfoGardenImagesDelegate.swift in Sources */,
				220A63E428D24C3800D9E2A9 /* InfoGardenView.swift in Sources */,
				2210246828D8F9BC00F412A5 /* ContactGroup.swift in Sources */,
				222937C828C66B5600515095 /* DataBase.xcdatamodeld in Sources */,
				22A3916E28F6E62700A42DC1 /* InfoGardenCellProtocol.swift in Sources */,
				22EDD4BE28DA4A6A001CE093 /* AppImages.swift in Sources */,
				222937F928C68B9B00515095 /* CollectionGroup.swift in Sources */,
				B241564C28D2722B009F011C /* FoodDataSource.swift in Sources */,
				2212E83D28DB9F7B004CCBAA /* InfoFoodView.swift in Sources */,
				222937C028C66B5600515095 /* SceneDelegate.swift in Sources */,
				065ECFC428D26A4D00F024E7 /* GardenDataSource.swift in Sources */,
				223B75E328F1473D0034B2C4 /* FoodDataManager.swift in Sources */,
				222937E728C6822200515095 /* FontInfo.swift in Sources */,
				22E8C4E028D9188400CE6061 /* InfoGardenTime.swift in Sources */,
				2210245128D529FA00F412A5 /* InfoGardenReport.swift in Sources */,
				2210246C28D9017700F412A5 /* UIImage+ContactIcon.swift in Sources */,
				22A3918428F7AD5D00A42DC1 /* SearchProtocol.swift in Sources */,
				2212E83B28DB9F60004CCBAA /* InfoFoodController.swift in Sources */,
				2229384A28C8934100515095 /* FoodView.swift in Sources */,
				220A63EE28D3BDF700D9E2A9 /* CustomScrooll.swift in Sources */,
				222937FC28C68C8200515095 /* CollectionGroupStyle.swift in Sources */,
				223B75E028F146920034B2C4 /* GardenDataManager.swift in Sources */,
				2210245728D53F3300F412A5 /* InfoGardenInfosDelegate.swift in Sources */,
				2229386328C9D5CE00515095 /* AdaptiveLayout.swift in Sources */,
				22A3918628F7AE3000A42DC1 /* SearchDelegate.swift in Sources */,
				2229385D28C9D55700515095 /* Dimension.swift in Sources */,
				2229383A28C8829000515095 /* UIFont+setupFont.swift in Sources */,
				22EDD4C128DA4B33001CE093 /* UIImage+AppImages.swift in Sources */,
				22A3917D28F785C300A42DC1 /* ManagedFoodData.swift in Sources */,
				2229384128C8927500515095 /* GardenController.swift in Sources */,
				22A3917F28F7860100A42DC1 /* ManagedFood.swift in Sources */,
				222937F128C6837500515095 /* UIButton+IconInfo.swift in Sources */,
				223B75E628F16D280034B2C4 /* FavoriteAction.swift in Sources */,
				2229382928C85EF700515095 /* UITextField+setupPlaceHolder.swift in Sources */,
				2229385928C9D1DF00515095 /* Screens.swift in Sources */,
				2229382228C7C5DE00515095 /* UIImage+AppIcons.swift in Sources */,
				22EDD4B928DA313B001CE093 /* HourInfoView.swift in Sources */,
				223B75E828F16D670034B2C4 /* FavoriteUpdate.swift in Sources */,
				22EDD4B528DA2DC7001CE093 /* HourInfoDataSource.swift in Sources */,
				22A3918128F7862800A42DC1 /* ManagedVitamins.swift in Sources */,
				222937E328C66F7F00515095 /* AppColors.swift in Sources */,
				22A3917828F7854000A42DC1 /* ManagedContact.swift in Sources */,
				222937FF28C68EE100515095 /* FavoriteViewController.swift in Sources */,
				222937E928C6824600515095 /* IconInfo.swift in Sources */,
				2229384828C8931B00515095 /* FoodController.swift in Sources */,
				2210246628D8DC0800F412A5 /* InfoGardenContact.swift in Sources */,
				22A3917428F784B200A42DC1 /* ManagedGardenData.swift in Sources */,
				222937E128C66F7300515095 /* AppIcons.swift in Sources */,
				2229385528C9335C00515095 /* UIView+AdpativeLayout.swift in Sources */,
				2210245928D845D800F412A5 /* InfoGardenImagesDataSource.swift in Sources */,
				22A3917628F784FB00A42DC1 /* ManagedGarden.swift in Sources */,
				2210244628D5201500F412A5 /* InfoGardenInfosCell.swift in Sources */,
				223B75CB28F0D99B0034B2C4 /* UDHandler+DataType.swift in Sources */,
				2212E84528DD0DA9004CCBAA /* FoodProtocol.swift in Sources */,
				22EDD4B728DA2E00001CE093 /* HourInfoCell.swift in Sources */,
				222937F528C6846700515095 /* ContainerView.swift in Sources */,
				22E8C4E428D918B500CE6061 /* TimeGroup.swift in Sources */,
				2229384F28C8964200515095 /* MainView.swift in Sources */,
				2229380128C68EF500515095 /* FavoriteView.swift in Sources */,
				22EDD4B328DA2D4F001CE093 /* HourInfoController.swift in Sources */,
				2229386628C9DA1600515095 /* UITextField+setupIconsColor.swift in Sources */,
				222937F328C6844E00515095 /* CustomViews.swift in Sources */,
			);
			runOnlyForDeploymentPostprocessing = 0;
		};
/* End PBXSourcesBuildPhase section */

/* Begin PBXVariantGroup section */
		222937CB28C66B5800515095 /* LaunchScreen.storyboard */ = {
			isa = PBXVariantGroup;
			children = (
				222937CC28C66B5800515095 /* Base */,
			);
			name = LaunchScreen.storyboard;
			sourceTree = "<group>";
		};
/* End PBXVariantGroup section */

/* Begin XCBuildConfiguration section */
		222937CF28C66B5800515095 /* Debug */ = {
			isa = XCBuildConfiguration;
			buildSettings = {
				ALWAYS_SEARCH_USER_PATHS = NO;
				CLANG_ANALYZER_NONNULL = YES;
				CLANG_ANALYZER_NUMBER_OBJECT_CONVERSION = YES_AGGRESSIVE;
				CLANG_CXX_LANGUAGE_STANDARD = "gnu++17";
				CLANG_ENABLE_MODULES = YES;
				CLANG_ENABLE_OBJC_ARC = YES;
				CLANG_ENABLE_OBJC_WEAK = YES;
				CLANG_WARN_BLOCK_CAPTURE_AUTORELEASING = YES;
				CLANG_WARN_BOOL_CONVERSION = YES;
				CLANG_WARN_COMMA = YES;
				CLANG_WARN_CONSTANT_CONVERSION = YES;
				CLANG_WARN_DEPRECATED_OBJC_IMPLEMENTATIONS = YES;
				CLANG_WARN_DIRECT_OBJC_ISA_USAGE = YES_ERROR;
				CLANG_WARN_DOCUMENTATION_COMMENTS = YES;
				CLANG_WARN_EMPTY_BODY = YES;
				CLANG_WARN_ENUM_CONVERSION = YES;
				CLANG_WARN_INFINITE_RECURSION = YES;
				CLANG_WARN_INT_CONVERSION = YES;
				CLANG_WARN_NON_LITERAL_NULL_CONVERSION = YES;
				CLANG_WARN_OBJC_IMPLICIT_RETAIN_SELF = YES;
				CLANG_WARN_OBJC_LITERAL_CONVERSION = YES;
				CLANG_WARN_OBJC_ROOT_CLASS = YES_ERROR;
				CLANG_WARN_QUOTED_INCLUDE_IN_FRAMEWORK_HEADER = YES;
				CLANG_WARN_RANGE_LOOP_ANALYSIS = YES;
				CLANG_WARN_STRICT_PROTOTYPES = YES;
				CLANG_WARN_SUSPICIOUS_MOVE = YES;
				CLANG_WARN_UNGUARDED_AVAILABILITY = YES_AGGRESSIVE;
				CLANG_WARN_UNREACHABLE_CODE = YES;
				CLANG_WARN__DUPLICATE_METHOD_MATCH = YES;
				COPY_PHASE_STRIP = NO;
				DEBUG_INFORMATION_FORMAT = dwarf;
				ENABLE_STRICT_OBJC_MSGSEND = YES;
				ENABLE_TESTABILITY = YES;
				GCC_C_LANGUAGE_STANDARD = gnu11;
				GCC_DYNAMIC_NO_PIC = NO;
				GCC_NO_COMMON_BLOCKS = YES;
				GCC_OPTIMIZATION_LEVEL = 0;
				GCC_PREPROCESSOR_DEFINITIONS = (
					"DEBUG=1",
					"$(inherited)",
				);
				GCC_WARN_64_TO_32_BIT_CONVERSION = YES;
				GCC_WARN_ABOUT_RETURN_TYPE = YES_ERROR;
				GCC_WARN_UNDECLARED_SELECTOR = YES;
				GCC_WARN_UNINITIALIZED_AUTOS = YES_AGGRESSIVE;
				GCC_WARN_UNUSED_FUNCTION = YES;
				GCC_WARN_UNUSED_VARIABLE = YES;
				IPHONEOS_DEPLOYMENT_TARGET = 15.5;
				MTL_ENABLE_DEBUG_INFO = INCLUDE_SOURCE;
				MTL_FAST_MATH = YES;
				ONLY_ACTIVE_ARCH = YES;
				SDKROOT = iphoneos;
				SWIFT_ACTIVE_COMPILATION_CONDITIONS = DEBUG;
				SWIFT_OPTIMIZATION_LEVEL = "-Onone";
			};
			name = Debug;
		};
		222937D028C66B5800515095 /* Release */ = {
			isa = XCBuildConfiguration;
			buildSettings = {
				ALWAYS_SEARCH_USER_PATHS = NO;
				CLANG_ANALYZER_NONNULL = YES;
				CLANG_ANALYZER_NUMBER_OBJECT_CONVERSION = YES_AGGRESSIVE;
				CLANG_CXX_LANGUAGE_STANDARD = "gnu++17";
				CLANG_ENABLE_MODULES = YES;
				CLANG_ENABLE_OBJC_ARC = YES;
				CLANG_ENABLE_OBJC_WEAK = YES;
				CLANG_WARN_BLOCK_CAPTURE_AUTORELEASING = YES;
				CLANG_WARN_BOOL_CONVERSION = YES;
				CLANG_WARN_COMMA = YES;
				CLANG_WARN_CONSTANT_CONVERSION = YES;
				CLANG_WARN_DEPRECATED_OBJC_IMPLEMENTATIONS = YES;
				CLANG_WARN_DIRECT_OBJC_ISA_USAGE = YES_ERROR;
				CLANG_WARN_DOCUMENTATION_COMMENTS = YES;
				CLANG_WARN_EMPTY_BODY = YES;
				CLANG_WARN_ENUM_CONVERSION = YES;
				CLANG_WARN_INFINITE_RECURSION = YES;
				CLANG_WARN_INT_CONVERSION = YES;
				CLANG_WARN_NON_LITERAL_NULL_CONVERSION = YES;
				CLANG_WARN_OBJC_IMPLICIT_RETAIN_SELF = YES;
				CLANG_WARN_OBJC_LITERAL_CONVERSION = YES;
				CLANG_WARN_OBJC_ROOT_CLASS = YES_ERROR;
				CLANG_WARN_QUOTED_INCLUDE_IN_FRAMEWORK_HEADER = YES;
				CLANG_WARN_RANGE_LOOP_ANALYSIS = YES;
				CLANG_WARN_STRICT_PROTOTYPES = YES;
				CLANG_WARN_SUSPICIOUS_MOVE = YES;
				CLANG_WARN_UNGUARDED_AVAILABILITY = YES_AGGRESSIVE;
				CLANG_WARN_UNREACHABLE_CODE = YES;
				CLANG_WARN__DUPLICATE_METHOD_MATCH = YES;
				COPY_PHASE_STRIP = NO;
				DEBUG_INFORMATION_FORMAT = "dwarf-with-dsym";
				ENABLE_NS_ASSERTIONS = NO;
				ENABLE_STRICT_OBJC_MSGSEND = YES;
				GCC_C_LANGUAGE_STANDARD = gnu11;
				GCC_NO_COMMON_BLOCKS = YES;
				GCC_WARN_64_TO_32_BIT_CONVERSION = YES;
				GCC_WARN_ABOUT_RETURN_TYPE = YES_ERROR;
				GCC_WARN_UNDECLARED_SELECTOR = YES;
				GCC_WARN_UNINITIALIZED_AUTOS = YES_AGGRESSIVE;
				GCC_WARN_UNUSED_FUNCTION = YES;
				GCC_WARN_UNUSED_VARIABLE = YES;
				IPHONEOS_DEPLOYMENT_TARGET = 15.5;
				MTL_ENABLE_DEBUG_INFO = NO;
				MTL_FAST_MATH = YES;
				SDKROOT = iphoneos;
				SWIFT_COMPILATION_MODE = wholemodule;
				SWIFT_OPTIMIZATION_LEVEL = "-O";
				VALIDATE_PRODUCT = YES;
			};
			name = Release;
		};
		222937D228C66B5800515095 /* Debug */ = {
			isa = XCBuildConfiguration;
			buildSettings = {
				ASSETCATALOG_COMPILER_APPICON_NAME = AppIcon;
				ASSETCATALOG_COMPILER_GLOBAL_ACCENT_COLOR_NAME = AccentColor;
				CODE_SIGN_STYLE = Automatic;
				CURRENT_PROJECT_VERSION = 2;
				DEVELOPMENT_TEAM = 534V229RMK;
				GENERATE_INFOPLIST_FILE = YES;
				INFOPLIST_FILE = "iOS-App/Info.plist";
				INFOPLIST_KEY_UIApplicationSupportsIndirectInputEvents = YES;
				INFOPLIST_KEY_UILaunchStoryboardName = LaunchScreen.storyboard;
				INFOPLIST_KEY_UIStatusBarStyle = UIStatusBarStyleLightContent;
				INFOPLIST_KEY_UISupportedInterfaceOrientations_iPad = "UIInterfaceOrientationPortrait UIInterfaceOrientationPortraitUpsideDown";
				INFOPLIST_KEY_UISupportedInterfaceOrientations_iPhone = UIInterfaceOrientationPortrait;
				IPHONEOS_DEPLOYMENT_TARGET = 14.5;
				LD_RUNPATH_SEARCH_PATHS = (
					"$(inherited)",
					"@executable_path/Frameworks",
				);
				MARKETING_VERSION = 1.0;
				PRODUCT_BUNDLE_IDENTIFIER = app.hortali;
				PRODUCT_NAME = "$(TARGET_NAME)";
				SWIFT_EMIT_LOC_STRINGS = YES;
				SWIFT_VERSION = 5.0;
				TARGETED_DEVICE_FAMILY = 1;
			};
			name = Debug;
		};
		222937D328C66B5800515095 /* Release */ = {
			isa = XCBuildConfiguration;
			buildSettings = {
				ASSETCATALOG_COMPILER_APPICON_NAME = AppIcon;
				ASSETCATALOG_COMPILER_GLOBAL_ACCENT_COLOR_NAME = AccentColor;
				CODE_SIGN_STYLE = Automatic;
				CURRENT_PROJECT_VERSION = 2;
				DEVELOPMENT_TEAM = 534V229RMK;
				GENERATE_INFOPLIST_FILE = YES;
				INFOPLIST_FILE = "iOS-App/Info.plist";
				INFOPLIST_KEY_UIApplicationSupportsIndirectInputEvents = YES;
				INFOPLIST_KEY_UILaunchStoryboardName = LaunchScreen.storyboard;
				INFOPLIST_KEY_UIStatusBarStyle = UIStatusBarStyleLightContent;
				INFOPLIST_KEY_UISupportedInterfaceOrientations_iPad = "UIInterfaceOrientationPortrait UIInterfaceOrientationPortraitUpsideDown";
				INFOPLIST_KEY_UISupportedInterfaceOrientations_iPhone = UIInterfaceOrientationPortrait;
				IPHONEOS_DEPLOYMENT_TARGET = 14.5;
				LD_RUNPATH_SEARCH_PATHS = (
					"$(inherited)",
					"@executable_path/Frameworks",
				);
				MARKETING_VERSION = 1.0;
				PRODUCT_BUNDLE_IDENTIFIER = app.hortali;
				PRODUCT_NAME = "$(TARGET_NAME)";
				SWIFT_EMIT_LOC_STRINGS = YES;
				SWIFT_VERSION = 5.0;
				TARGETED_DEVICE_FAMILY = 1;
			};
			name = Release;
		};
/* End XCBuildConfiguration section */

/* Begin XCConfigurationList section */
		222937B528C66B5600515095 /* Build configuration list for PBXProject "Hortali" */ = {
			isa = XCConfigurationList;
			buildConfigurations = (
				222937CF28C66B5800515095 /* Debug */,
				222937D028C66B5800515095 /* Release */,
			);
			defaultConfigurationIsVisible = 0;
			defaultConfigurationName = Release;
		};
		222937D128C66B5800515095 /* Build configuration list for PBXNativeTarget "Hortali" */ = {
			isa = XCConfigurationList;
			buildConfigurations = (
				222937D228C66B5800515095 /* Debug */,
				222937D328C66B5800515095 /* Release */,
			);
			defaultConfigurationIsVisible = 0;
			defaultConfigurationName = Release;
		};
/* End XCConfigurationList section */

/* Begin XCVersionGroup section */
		222937C628C66B5600515095 /* DataBase.xcdatamodeld */ = {
			isa = XCVersionGroup;
			children = (
				222937C728C66B5600515095 /* Macrou.xcdatamodel */,
			);
			currentVersion = 222937C728C66B5600515095 /* Macrou.xcdatamodel */;
			path = DataBase.xcdatamodeld;
			sourceTree = "<group>";
			versionGroupType = wrapper.xcdatamodel;
		};
/* End XCVersionGroup section */
	};
	rootObject = 222937B228C66B5600515095 /* Project object */;
}
